
Microsoft Visual Studio Solution File, Format Version 12.00
# Visual Studio 15
VisualStudioVersion = 15.0.27703.2035
MinimumVisualStudioVersion = 10.0.40219.1
Project("{FAE04EC0-301F-11D3-BF4B-00C04F79EFBC}") = "HelloWorld.Android", "HelloWorld\HelloWorld.Android\HelloWorld.Android.csproj", "{D835E819-3C65-480C-A42B-37360E72D846}"
EndProject
Project("{FAE04EC0-301F-11D3-BF4B-00C04F79EFBC}") = "HelloWorld.iOS", "HelloWorld\HelloWorld.iOS\HelloWorld.iOS.csproj", "{978C4612-E127-4774-9F02-6490041E9803}"
EndProject
Project("{D954291E-2A0B-460D-934E-DC6B0785DB48}") = "HelloWorld", "HelloWorld\HelloWorld\HelloWorld.shproj", "{D95A035C-9F85-47AC-9AA3-815D62E62798}"
EndProject
Project("{FAE04EC0-301F-11D3-BF4B-00C04F79EFBC}") = "HelloWorld.UWP", "HelloWorld\HelloWorld.UWP\HelloWorld.UWP.csproj", "{DB43E4AF-6D35-4ECF-B64B-46E11B39A09C}"
EndProject
Global
	GlobalSection(SharedMSBuildProjectFiles) = preSolution
		HelloWorld\HelloWorld\HelloWorld.projitems*{978c4612-e127-4774-9f02-6490041e9803}*SharedItemsImports = 4
		HelloWorld\HelloWorld\HelloWorld.projitems*{d835e819-3c65-480c-a42b-37360e72d846}*SharedItemsImports = 4
		HelloWorld\HelloWorld\HelloWorld.projitems*{d95a035c-9f85-47ac-9aa3-815d62e62798}*SharedItemsImports = 13
		HelloWorld\HelloWorld\HelloWorld.projitems*{db43e4af-6d35-4ecf-b64b-46e11b39a09c}*SharedItemsImports = 4
	EndGlobalSection
	GlobalSection(SolutionConfigurationPlatforms) = preSolution
		Ad-Hoc|Any CPU = Ad-Hoc|Any CPU
		Ad-Hoc|ARM = Ad-Hoc|ARM
		Ad-Hoc|iPhone = Ad-Hoc|iPhone
		Ad-Hoc|iPhoneSimulator = Ad-Hoc|iPhoneSimulator
		Ad-Hoc|x64 = Ad-Hoc|x64
		Ad-Hoc|x86 = Ad-Hoc|x86
		AppStore|Any CPU = AppStore|Any CPU
		AppStore|ARM = AppStore|ARM
		AppStore|iPhone = AppStore|iPhone
		AppStore|iPhoneSimulator = AppStore|iPhoneSimulator
		AppStore|x64 = AppStore|x64
		AppStore|x86 = AppStore|x86
		Debug|Any CPU = Debug|Any CPU
		Debug|ARM = Debug|ARM
		Debug|iPhone = Debug|iPhone
		Debug|iPhoneSimulator = Debug|iPhoneSimulator
		Debug|x64 = Debug|x64
		Debug|x86 = Debug|x86
		Release|Any CPU = Release|Any CPU
		Release|ARM = Release|ARM
		Release|iPhone = Release|iPhone
		Release|iPhoneSimulator = Release|iPhoneSimulator
		Release|x64 = Release|x64
		Release|x86 = Release|x86
	EndGlobalSection
	GlobalSection(ProjectConfigurationPlatforms) = postSolution
		{D835E819-3C65-480C-A42B-37360E72D846}.Ad-Hoc|Any CPU.ActiveCfg = Release|Any CPU
		{D835E819-3C65-480C-A42B-37360E72D846}.Ad-Hoc|Any CPU.Build.0 = Release|Any CPU
		{D835E819-3C65-480C-A42B-37360E72D846}.Ad-Hoc|Any CPU.Deploy.0 = Release|Any CPU
		{D835E819-3C65-480C-A42B-37360E72D846}.Ad-Hoc|ARM.ActiveCfg = Release|Any CPU
		{D835E819-3C65-480C-A42B-37360E72D846}.Ad-Hoc|ARM.Build.0 = Release|Any CPU
		{D835E819-3C65-480C-A42B-37360E72D846}.Ad-Hoc|ARM.Deploy.0 = Release|Any CPU
		{D835E819-3C65-480C-A42B-37360E72D846}.Ad-Hoc|iPhone.ActiveCfg = Release|Any CPU
		{D835E819-3C65-480C-A42B-37360E72D846}.Ad-Hoc|iPhone.Build.0 = Release|Any CPU
		{D835E819-3C65-480C-A42B-37360E72D846}.Ad-Hoc|iPhone.Deploy.0 = Release|Any CPU
		{D835E819-3C65-480C-A42B-37360E72D846}.Ad-Hoc|iPhoneSimulator.ActiveCfg = Release|Any CPU
		{D835E819-3C65-480C-A42B-37360E72D846}.Ad-Hoc|iPhoneSimulator.Build.0 = Release|Any CPU
		{D835E819-3C65-480C-A42B-37360E72D846}.Ad-Hoc|iPhoneSimulator.Deploy.0 = Release|Any CPU
		{D835E819-3C65-480C-A42B-37360E72D846}.Ad-Hoc|x64.ActiveCfg = Release|Any CPU
		{D835E819-3C65-480C-A42B-37360E72D846}.Ad-Hoc|x64.Build.0 = Release|Any CPU
		{D835E819-3C65-480C-A42B-37360E72D846}.Ad-Hoc|x64.Deploy.0 = Release|Any CPU
		{D835E819-3C65-480C-A42B-37360E72D846}.Ad-Hoc|x86.ActiveCfg = Release|Any CPU
		{D835E819-3C65-480C-A42B-37360E72D846}.Ad-Hoc|x86.Build.0 = Release|Any CPU
		{D835E819-3C65-480C-A42B-37360E72D846}.Ad-Hoc|x86.Deploy.0 = Release|Any CPU
		{D835E819-3C65-480C-A42B-37360E72D846}.AppStore|Any CPU.ActiveCfg = Release|Any CPU
		{D835E819-3C65-480C-A42B-37360E72D846}.AppStore|Any CPU.Build.0 = Release|Any CPU
		{D835E819-3C65-480C-A42B-37360E72D846}.AppStore|Any CPU.Deploy.0 = Release|Any CPU
		{D835E819-3C65-480C-A42B-37360E72D846}.AppStore|ARM.ActiveCfg = Release|Any CPU
		{D835E819-3C65-480C-A42B-37360E72D846}.AppStore|ARM.Build.0 = Release|Any CPU
		{D835E819-3C65-480C-A42B-37360E72D846}.AppStore|ARM.Deploy.0 = Release|Any CPU
		{D835E819-3C65-480C-A42B-37360E72D846}.AppStore|iPhone.ActiveCfg = Release|Any CPU
		{D835E819-3C65-480C-A42B-37360E72D846}.AppStore|iPhone.Build.0 = Release|Any CPU
		{D835E819-3C65-480C-A42B-37360E72D846}.AppStore|iPhone.Deploy.0 = Release|Any CPU
		{D835E819-3C65-480C-A42B-37360E72D846}.AppStore|iPhoneSimulator.ActiveCfg = Release|Any CPU
		{D835E819-3C65-480C-A42B-37360E72D846}.AppStore|iPhoneSimulator.Build.0 = Release|Any CPU
		{D835E819-3C65-480C-A42B-37360E72D846}.AppStore|iPhoneSimulator.Deploy.0 = Release|Any CPU
		{D835E819-3C65-480C-A42B-37360E72D846}.AppStore|x64.ActiveCfg = Release|Any CPU
		{D835E819-3C65-480C-A42B-37360E72D846}.AppStore|x64.Build.0 = Release|Any CPU
		{D835E819-3C65-480C-A42B-37360E72D846}.AppStore|x64.Deploy.0 = Release|Any CPU
		{D835E819-3C65-480C-A42B-37360E72D846}.AppStore|x86.ActiveCfg = Release|Any CPU
		{D835E819-3C65-480C-A42B-37360E72D846}.AppStore|x86.Build.0 = Release|Any CPU
		{D835E819-3C65-480C-A42B-37360E72D846}.AppStore|x86.Deploy.0 = Release|Any CPU
		{D835E819-3C65-480C-A42B-37360E72D846}.Debug|Any CPU.ActiveCfg = Debug|Any CPU
		{D835E819-3C65-480C-A42B-37360E72D846}.Debug|Any CPU.Build.0 = Debug|Any CPU
		{D835E819-3C65-480C-A42B-37360E72D846}.Debug|Any CPU.Deploy.0 = Debug|Any CPU
		{D835E819-3C65-480C-A42B-37360E72D846}.Debug|ARM.ActiveCfg = Debug|Any CPU
		{D835E819-3C65-480C-A42B-37360E72D846}.Debug|ARM.Build.0 = Debug|Any CPU
		{D835E819-3C65-480C-A42B-37360E72D846}.Debug|ARM.Deploy.0 = Debug|Any CPU
		{D835E819-3C65-480C-A42B-37360E72D846}.Debug|iPhone.ActiveCfg = Debug|Any CPU
		{D835E819-3C65-480C-A42B-37360E72D846}.Debug|iPhone.Build.0 = Debug|Any CPU
		{D835E819-3C65-480C-A42B-37360E72D846}.Debug|iPhone.Deploy.0 = Debug|Any CPU
		{D835E819-3C65-480C-A42B-37360E72D846}.Debug|iPhoneSimulator.ActiveCfg = Debug|Any CPU
		{D835E819-3C65-480C-A42B-37360E72D846}.Debug|iPhoneSimulator.Build.0 = Debug|Any CPU
		{D835E819-3C65-480C-A42B-37360E72D846}.Debug|iPhoneSimulator.Deploy.0 = Debug|Any CPU
		{D835E819-3C65-480C-A42B-37360E72D846}.Debug|x64.ActiveCfg = Debug|Any CPU
		{D835E819-3C65-480C-A42B-37360E72D846}.Debug|x64.Build.0 = Debug|Any CPU
		{D835E819-3C65-480C-A42B-37360E72D846}.Debug|x64.Deploy.0 = Debug|Any CPU
		{D835E819-3C65-480C-A42B-37360E72D846}.Debug|x86.ActiveCfg = Debug|Any CPU
		{D835E819-3C65-480C-A42B-37360E72D846}.Debug|x86.Build.0 = Debug|Any CPU
		{D835E819-3C65-480C-A42B-37360E72D846}.Debug|x86.Deploy.0 = Debug|Any CPU
		{D835E819-3C65-480C-A42B-37360E72D846}.Release|Any CPU.ActiveCfg = Release|Any CPU
		{D835E819-3C65-480C-A42B-37360E72D846}.Release|Any CPU.Build.0 = Release|Any CPU
		{D835E819-3C65-480C-A42B-37360E72D846}.Release|Any CPU.Deploy.0 = Release|Any CPU
		{D835E819-3C65-480C-A42B-37360E72D846}.Release|ARM.ActiveCfg = Release|Any CPU
		{D835E819-3C65-480C-A42B-37360E72D846}.Release|ARM.Build.0 = Release|Any CPU
		{D835E819-3C65-480C-A42B-37360E72D846}.Release|ARM.Deploy.0 = Release|Any CPU
		{D835E819-3C65-480C-A42B-37360E72D846}.Release|iPhone.ActiveCfg = Release|Any CPU
		{D835E819-3C65-480C-A42B-37360E72D846}.Release|iPhone.Build.0 = Release|Any CPU
		{D835E819-3C65-480C-A42B-37360E72D846}.Release|iPhone.Deploy.0 = Release|Any CPU
		{D835E819-3C65-480C-A42B-37360E72D846}.Release|iPhoneSimulator.ActiveCfg = Release|Any CPU
		{D835E819-3C65-480C-A42B-37360E72D846}.Release|iPhoneSimulator.Build.0 = Release|Any CPU
		{D835E819-3C65-480C-A42B-37360E72D846}.Release|iPhoneSimulator.Deploy.0 = Release|Any CPU
		{D835E819-3C65-480C-A42B-37360E72D846}.Release|x64.ActiveCfg = Release|Any CPU
		{D835E819-3C65-480C-A42B-37360E72D846}.Release|x64.Build.0 = Release|Any CPU
		{D835E819-3C65-480C-A42B-37360E72D846}.Release|x64.Deploy.0 = Release|Any CPU
		{D835E819-3C65-480C-A42B-37360E72D846}.Release|x86.ActiveCfg = Release|Any CPU
		{D835E819-3C65-480C-A42B-37360E72D846}.Release|x86.Build.0 = Release|Any CPU
		{D835E819-3C65-480C-A42B-37360E72D846}.Release|x86.Deploy.0 = Release|Any CPU
		{978C4612-E127-4774-9F02-6490041E9803}.Ad-Hoc|Any CPU.ActiveCfg = Ad-Hoc|iPhone
		{978C4612-E127-4774-9F02-6490041E9803}.Ad-Hoc|Any CPU.Build.0 = Ad-Hoc|iPhone
		{978C4612-E127-4774-9F02-6490041E9803}.Ad-Hoc|Any CPU.Deploy.0 = Ad-Hoc|iPhone
		{978C4612-E127-4774-9F02-6490041E9803}.Ad-Hoc|ARM.ActiveCfg = Ad-Hoc|iPhone
		{978C4612-E127-4774-9F02-6490041E9803}.Ad-Hoc|ARM.Build.0 = Ad-Hoc|iPhone
		{978C4612-E127-4774-9F02-6490041E9803}.Ad-Hoc|ARM.Deploy.0 = Ad-Hoc|iPhone
		{978C4612-E127-4774-9F02-6490041E9803}.Ad-Hoc|iPhone.ActiveCfg = Ad-Hoc|iPhone
		{978C4612-E127-4774-9F02-6490041E9803}.Ad-Hoc|iPhone.Build.0 = Ad-Hoc|iPhone
		{978C4612-E127-4774-9F02-6490041E9803}.Ad-Hoc|iPhone.Deploy.0 = Ad-Hoc|iPhone
		{978C4612-E127-4774-9F02-6490041E9803}.Ad-Hoc|iPhoneSimulator.ActiveCfg = Ad-Hoc|iPhoneSimulator
		{978C4612-E127-4774-9F02-6490041E9803}.Ad-Hoc|iPhoneSimulator.Build.0 = Ad-Hoc|iPhoneSimulator
		{978C4612-E127-4774-9F02-6490041E9803}.Ad-Hoc|iPhoneSimulator.Deploy.0 = Ad-Hoc|iPhoneSimulator
		{978C4612-E127-4774-9F02-6490041E9803}.Ad-Hoc|x64.ActiveCfg = Ad-Hoc|iPhone
		{978C4612-E127-4774-9F02-6490041E9803}.Ad-Hoc|x64.Build.0 = Ad-Hoc|iPhone
		{978C4612-E127-4774-9F02-6490041E9803}.Ad-Hoc|x64.Deploy.0 = Ad-Hoc|iPhone
		{978C4612-E127-4774-9F02-6490041E9803}.Ad-Hoc|x86.ActiveCfg = Ad-Hoc|iPhone
		{978C4612-E127-4774-9F02-6490041E9803}.Ad-Hoc|x86.Build.0 = Ad-Hoc|iPhone
		{978C4612-E127-4774-9F02-6490041E9803}.Ad-Hoc|x86.Deploy.0 = Ad-Hoc|iPhone
		{978C4612-E127-4774-9F02-6490041E9803}.AppStore|Any CPU.ActiveCfg = AppStore|iPhone
		{978C4612-E127-4774-9F02-6490041E9803}.AppStore|Any CPU.Build.0 = AppStore|iPhone
		{978C4612-E127-4774-9F02-6490041E9803}.AppStore|Any CPU.Deploy.0 = AppStore|iPhone
		{978C4612-E127-4774-9F02-6490041E9803}.AppStore|ARM.ActiveCfg = AppStore|iPhone
		{978C4612-E127-4774-9F02-6490041E9803}.AppStore|ARM.Build.0 = AppStore|iPhone
		{978C4612-E127-4774-9F02-6490041E9803}.AppStore|ARM.Deploy.0 = AppStore|iPhone
		{978C4612-E127-4774-9F02-6490041E9803}.AppStore|iPhone.ActiveCfg = AppStore|iPhone
		{978C4612-E127-4774-9F02-6490041E9803}.AppStore|iPhone.Build.0 = AppStore|iPhone
		{978C4612-E127-4774-9F02-6490041E9803}.AppStore|iPhone.Deploy.0 = AppStore|iPhone
		{978C4612-E127-4774-9F02-6490041E9803}.AppStore|iPhoneSimulator.ActiveCfg = AppStore|iPhoneSimulator
		{978C4612-E127-4774-9F02-6490041E9803}.AppStore|iPhoneSimulator.Build.0 = AppStore|iPhoneSimulator
		{978C4612-E127-4774-9F02-6490041E9803}.AppStore|iPhoneSimulator.Deploy.0 = AppStore|iPhoneSimulator
		{978C4612-E127-4774-9F02-6490041E9803}.AppStore|x64.ActiveCfg = AppStore|iPhone
		{978C4612-E127-4774-9F02-6490041E9803}.AppStore|x64.Build.0 = AppStore|iPhone
		{978C4612-E127-4774-9F02-6490041E9803}.AppStore|x64.Deploy.0 = AppStore|iPhone
		{978C4612-E127-4774-9F02-6490041E9803}.AppStore|x86.ActiveCfg = AppStore|iPhone
		{978C4612-E127-4774-9F02-6490041E9803}.AppStore|x86.Build.0 = AppStore|iPhone
		{978C4612-E127-4774-9F02-6490041E9803}.AppStore|x86.Deploy.0 = AppStore|iPhone
		{978C4612-E127-4774-9F02-6490041E9803}.Debug|Any CPU.ActiveCfg = Debug|iPhoneSimulator
		{978C4612-E127-4774-9F02-6490041E9803}.Debug|Any CPU.Build.0 = Debug|iPhoneSimulator
		{978C4612-E127-4774-9F02-6490041E9803}.Debug|Any CPU.Deploy.0 = Debug|iPhoneSimulator
		{978C4612-E127-4774-9F02-6490041E9803}.Debug|ARM.ActiveCfg = Debug|iPhone
		{978C4612-E127-4774-9F02-6490041E9803}.Debug|ARM.Build.0 = Debug|iPhone
		{978C4612-E127-4774-9F02-6490041E9803}.Debug|ARM.Deploy.0 = Debug|iPhone
		{978C4612-E127-4774-9F02-6490041E9803}.Debug|iPhone.ActiveCfg = Debug|iPhone
		{978C4612-E127-4774-9F02-6490041E9803}.Debug|iPhone.Build.0 = Debug|iPhone
		{978C4612-E127-4774-9F02-6490041E9803}.Debug|iPhone.Deploy.0 = Debug|iPhone
		{978C4612-E127-4774-9F02-6490041E9803}.Debug|iPhoneSimulator.ActiveCfg = Debug|iPhoneSimulator
		{978C4612-E127-4774-9F02-6490041E9803}.Debug|iPhoneSimulator.Build.0 = Debug|iPhoneSimulator
		{978C4612-E127-4774-9F02-6490041E9803}.Debug|iPhoneSimulator.Deploy.0 = Debug|iPhoneSimulator
		{978C4612-E127-4774-9F02-6490041E9803}.Debug|x64.ActiveCfg = Debug|iPhone
		{978C4612-E127-4774-9F02-6490041E9803}.Debug|x64.Build.0 = Debug|iPhone
		{978C4612-E127-4774-9F02-6490041E9803}.Debug|x64.Deploy.0 = Debug|iPhone
		{978C4612-E127-4774-9F02-6490041E9803}.Debug|x86.ActiveCfg = Debug|iPhone
		{978C4612-E127-4774-9F02-6490041E9803}.Debug|x86.Build.0 = Debug|iPhone
		{978C4612-E127-4774-9F02-6490041E9803}.Debug|x86.Deploy.0 = Debug|iPhone
		{978C4612-E127-4774-9F02-6490041E9803}.Release|Any CPU.ActiveCfg = Release|iPhone
		{978C4612-E127-4774-9F02-6490041E9803}.Release|Any CPU.Build.0 = Release|iPhone
		{978C4612-E127-4774-9F02-6490041E9803}.Release|Any CPU.Deploy.0 = Release|iPhone
		{978C4612-E127-4774-9F02-6490041E9803}.Release|ARM.ActiveCfg = Release|iPhone
		{978C4612-E127-4774-9F02-6490041E9803}.Release|ARM.Build.0 = Release|iPhone
		{978C4612-E127-4774-9F02-6490041E9803}.Release|ARM.Deploy.0 = Release|iPhone
		{978C4612-E127-4774-9F02-6490041E9803}.Release|iPhone.ActiveCfg = Release|iPhone
		{978C4612-E127-4774-9F02-6490041E9803}.Release|iPhone.Build.0 = Release|iPhone
		{978C4612-E127-4774-9F02-6490041E9803}.Release|iPhone.Deploy.0 = Release|iPhone
		{978C4612-E127-4774-9F02-6490041E9803}.Release|iPhoneSimulator.ActiveCfg = Release|iPhoneSimulator
		{978C4612-E127-4774-9F02-6490041E9803}.Release|iPhoneSimulator.Build.0 = Release|iPhoneSimulator
		{978C4612-E127-4774-9F02-6490041E9803}.Release|iPhoneSimulator.Deploy.0 = Release|iPhoneSimulator
		{978C4612-E127-4774-9F02-6490041E9803}.Release|x64.ActiveCfg = Release|iPhone
		{978C4612-E127-4774-9F02-6490041E9803}.Release|x64.Build.0 = Release|iPhone
		{978C4612-E127-4774-9F02-6490041E9803}.Release|x64.Deploy.0 = Release|iPhone
		{978C4612-E127-4774-9F02-6490041E9803}.Release|x86.ActiveCfg = Release|iPhone
		{978C4612-E127-4774-9F02-6490041E9803}.Release|x86.Build.0 = Release|iPhone
		{978C4612-E127-4774-9F02-6490041E9803}.Release|x86.Deploy.0 = Release|iPhone
		{DB43E4AF-6D35-4ECF-B64B-46E11B39A09C}.Ad-Hoc|Any CPU.ActiveCfg = Release|x86
		{DB43E4AF-6D35-4ECF-B64B-46E11B39A09C}.Ad-Hoc|Any CPU.Build.0 = Release|x86
		{DB43E4AF-6D35-4ECF-B64B-46E11B39A09C}.Ad-Hoc|Any CPU.Deploy.0 = Release|x86
		{DB43E4AF-6D35-4ECF-B64B-46E11B39A09C}.Ad-Hoc|ARM.ActiveCfg = Release|ARM
		{DB43E4AF-6D35-4ECF-B64B-46E11B39A09C}.Ad-Hoc|ARM.Build.0 = Release|ARM
		{DB43E4AF-6D35-4ECF-B64B-46E11B39A09C}.Ad-Hoc|ARM.Deploy.0 = Release|ARM
		{DB43E4AF-6D35-4ECF-B64B-46E11B39A09C}.Ad-Hoc|iPhone.ActiveCfg = Release|x86
		{DB43E4AF-6D35-4ECF-B64B-46E11B39A09C}.Ad-Hoc|iPhone.Build.0 = Release|x86
		{DB43E4AF-6D35-4ECF-B64B-46E11B39A09C}.Ad-Hoc|iPhone.Deploy.0 = Release|x86
		{DB43E4AF-6D35-4ECF-B64B-46E11B39A09C}.Ad-Hoc|iPhoneSimulator.ActiveCfg = Release|x86
		{DB43E4AF-6D35-4ECF-B64B-46E11B39A09C}.Ad-Hoc|iPhoneSimulator.Build.0 = Release|x86
		{DB43E4AF-6D35-4ECF-B64B-46E11B39A09C}.Ad-Hoc|iPhoneSimulator.Deploy.0 = Release|x86
		{DB43E4AF-6D35-4ECF-B64B-46E11B39A09C}.Ad-Hoc|x64.ActiveCfg = Release|x64
		{DB43E4AF-6D35-4ECF-B64B-46E11B39A09C}.Ad-Hoc|x64.Build.0 = Release|x64
		{DB43E4AF-6D35-4ECF-B64B-46E11B39A09C}.Ad-Hoc|x64.Deploy.0 = Release|x64
		{DB43E4AF-6D35-4ECF-B64B-46E11B39A09C}.Ad-Hoc|x86.ActiveCfg = Release|x86
		{DB43E4AF-6D35-4ECF-B64B-46E11B39A09C}.Ad-Hoc|x86.Build.0 = Release|x86
		{DB43E4AF-6D35-4ECF-B64B-46E11B39A09C}.Ad-Hoc|x86.Deploy.0 = Release|x86
		{DB43E4AF-6D35-4ECF-B64B-46E11B39A09C}.AppStore|Any CPU.ActiveCfg = Release|x86
		{DB43E4AF-6D35-4ECF-B64B-46E11B39A09C}.AppStore|Any CPU.Build.0 = Release|x86
		{DB43E4AF-6D35-4ECF-B64B-46E11B39A09C}.AppStore|Any CPU.Deploy.0 = Release|x86
		{DB43E4AF-6D35-4ECF-B64B-46E11B39A09C}.AppStore|ARM.ActiveCfg = Release|ARM
		{DB43E4AF-6D35-4ECF-B64B-46E11B39A09C}.AppStore|ARM.Build.0 = Release|ARM
		{DB43E4AF-6D35-4ECF-B64B-46E11B39A09C}.AppStore|ARM.Deploy.0 = Release|ARM
		{DB43E4AF-6D35-4ECF-B64B-46E11B39A09C}.AppStore|iPhone.ActiveCfg = Release|x86
		{DB43E4AF-6D35-4ECF-B64B-46E11B39A09C}.AppStore|iPhone.Build.0 = Release|x86
		{DB43E4AF-6D35-4ECF-B64B-46E11B39A09C}.AppStore|iPhone.Deploy.0 = Release|x86
		{DB43E4AF-6D35-4ECF-B64B-46E11B39A09C}.AppStore|iPhoneSimulator.ActiveCfg = Release|x86
		{DB43E4AF-6D35-4ECF-B64B-46E11B39A09C}.AppStore|iPhoneSimulator.Build.0 = Release|x86
		{DB43E4AF-6D35-4ECF-B64B-46E11B39A09C}.AppStore|iPhoneSimulator.Deploy.0 = Release|x86
		{DB43E4AF-6D35-4ECF-B64B-46E11B39A09C}.AppStore|x64.ActiveCfg = Release|x64
		{DB43E4AF-6D35-4ECF-B64B-46E11B39A09C}.AppStore|x64.Build.0 = Release|x64
		{DB43E4AF-6D35-4ECF-B64B-46E11B39A09C}.AppStore|x64.Deploy.0 = Release|x64
		{DB43E4AF-6D35-4ECF-B64B-46E11B39A09C}.AppStore|x86.ActiveCfg = Release|x86
		{DB43E4AF-6D35-4ECF-B64B-46E11B39A09C}.AppStore|x86.Build.0 = Release|x86
		{DB43E4AF-6D35-4ECF-B64B-46E11B39A09C}.AppStore|x86.Deploy.0 = Release|x86
		{DB43E4AF-6D35-4ECF-B64B-46E11B39A09C}.Debug|Any CPU.ActiveCfg = Debug|x86
		{DB43E4AF-6D35-4ECF-B64B-46E11B39A09C}.Debug|ARM.ActiveCfg = Debug|ARM
		{DB43E4AF-6D35-4ECF-B64B-46E11B39A09C}.Debug|ARM.Build.0 = Debug|ARM
		{DB43E4AF-6D35-4ECF-B64B-46E11B39A09C}.Debug|ARM.Deploy.0 = Debug|ARM
		{DB43E4AF-6D35-4ECF-B64B-46E11B39A09C}.Debug|iPhone.ActiveCfg = Debug|x86
		{DB43E4AF-6D35-4ECF-B64B-46E11B39A09C}.Debug|iPhoneSimulator.ActiveCfg = Debug|x86
		{DB43E4AF-6D35-4ECF-B64B-46E11B39A09C}.Debug|x64.ActiveCfg = Debug|x64
		{DB43E4AF-6D35-4ECF-B64B-46E11B39A09C}.Debug|x64.Build.0 = Debug|x64
		{DB43E4AF-6D35-4ECF-B64B-46E11B39A09C}.Debug|x64.Deploy.0 = Debug|x64
		{DB43E4AF-6D35-4ECF-B64B-46E11B39A09C}.Debug|x86.ActiveCfg = Debug|x86
		{DB43E4AF-6D35-4ECF-B64B-46E11B39A09C}.Debug|x86.Build.0 = Debug|x86
		{DB43E4AF-6D35-4ECF-B64B-46E11B39A09C}.Debug|x86.Deploy.0 = Debug|x86
		{DB43E4AF-6D35-4ECF-B64B-46E11B39A09C}.Release|Any CPU.ActiveCfg = Release|x86
		{DB43E4AF-6D35-4ECF-B64B-46E11B39A09C}.Release|ARM.ActiveCfg = Release|ARM
		{DB43E4AF-6D35-4ECF-B64B-46E11B39A09C}.Release|ARM.Build.0 = Release|ARM
		{DB43E4AF-6D35-4ECF-B64B-46E11B39A09C}.Release|ARM.Deploy.0 = Release|ARM
		{DB43E4AF-6D35-4ECF-B64B-46E11B39A09C}.Release|iPhone.ActiveCfg = Release|x86
		{DB43E4AF-6D35-4ECF-B64B-46E11B39A09C}.Release|iPhoneSimulator.ActiveCfg = Release|x86
		{DB43E4AF-6D35-4ECF-B64B-46E11B39A09C}.Release|x64.ActiveCfg = Release|x64
		{DB43E4AF-6D35-4ECF-B64B-46E11B39A09C}.Release|x64.Build.0 = Release|x64
		{DB43E4AF-6D35-4ECF-B64B-46E11B39A09C}.Release|x64.Deploy.0 = Release|x64
		{DB43E4AF-6D35-4ECF-B64B-46E11B39A09C}.Release|x86.ActiveCfg = Release|x86
		{DB43E4AF-6D35-4ECF-B64B-46E11B39A09C}.Release|x86.Build.0 = Release|x86
		{DB43E4AF-6D35-4ECF-B64B-46E11B39A09C}.Release|x86.Deploy.0 = Release|x86
	EndGlobalSection
	GlobalSection(SolutionProperties) = preSolution
		HideSolutionNode = FALSE
	EndGlobalSection
	GlobalSection(ExtensibilityGlobals) = postSolution
		SolutionGuid = {1743DB74-0CDF-48C7-9D1D-508FEB2C0925}
	EndGlobalSection
EndGlobal
